
Microsoft Visual Studio Solution File, Format Version 12.00
# Visual Studio Version 16
VisualStudioVersion = 16.0.29318.209
MinimumVisualStudioVersion = 10.0.40219.1
Project("{FAE04EC0-301F-11D3-BF4B-00C04F79EFBC}") = "CarList", "CarList.csproj", "{9F2DFBE2-FF12-44D7-8174-0222CAE8F7DC}"
EndProject
Global
	GlobalSection(SolutionConfigurationPlatforms) = preSolution
		Debug|Any CPU = Debug|Any CPU
		Release|Any CPU = Release|Any CPU
	EndGlobalSection
	GlobalSection(ProjectConfigurationPlatforms) = postSolution
		{9F2DFBE2-FF12-44D7-8174-0222CAE8F7DC}.Debug|Any CPU.ActiveCfg = Debug|Any CPU
		{9F2DFBE2-FF12-44D7-8174-0222CAE8F7DC}.Debug|Any CPU.Build.0 = Debug|Any CPU
		{9F2DFBE2-FF12-44D7-8174-0222CAE8F7DC}.Debug|Any CPU.Deploy.0 = Debug|Any CPU
		{9F2DFBE2-FF12-44D7-8174-0222CAE8F7DC}.Release|Any CPU.ActiveCfg = Release|Any CPU
		{9F2DFBE2-FF12-44D7-8174-0222CAE8F7DC}.Release|Any CPU.Build.0 = Release|Any CPU
		{9F2DFBE2-FF12-44D7-8174-0222CAE8F7DC}.Release|Any CPU.Deploy.0 = Release|Any CPU
	EndGlobalSection
	GlobalSection(SolutionProperties) = preSolution
		HideSolutionNode = FALSE
	EndGlobalSection
	GlobalSection(ExtensibilityGlobals) = postSolution
		SolutionGuid = {26C19AE8-03BC-4FC3-904E-23E8CD037806}
	EndGlobalSection
EndGlobal
