
Microsoft Visual Studio Solution File, Format Version 12.00
# Visual Studio Version 16
VisualStudioVersion = 16.0.29318.209
MinimumVisualStudioVersion = 10.0.40219.1
Project("{FAE04EC0-301F-11D3-BF4B-00C04F79EFBC}") = "SWthingy", "SWthingy.csproj", "{4A4BF1CA-A300-4E1C-B307-40D668C1CAD8}"
EndProject
Project("{FAE04EC0-301F-11D3-BF4B-00C04F79EFBC}") = "StarWarsApp.Core", "..\StarWarsApp.Core\StarWarsApp.Core.csproj", "{B4551CA9-F3B4-487C-BC85-2FC51E4C78D1}"
EndProject
Global
	GlobalSection(SolutionConfigurationPlatforms) = preSolution
		Debug|Any CPU = Debug|Any CPU
		Release|Any CPU = Release|Any CPU
	EndGlobalSection
	GlobalSection(ProjectConfigurationPlatforms) = postSolution
		{4A4BF1CA-A300-4E1C-B307-40D668C1CAD8}.Debug|Any CPU.ActiveCfg = Debug|Any CPU
		{4A4BF1CA-A300-4E1C-B307-40D668C1CAD8}.Debug|Any CPU.Build.0 = Debug|Any CPU
		{4A4BF1CA-A300-4E1C-B307-40D668C1CAD8}.Debug|Any CPU.Deploy.0 = Debug|Any CPU
		{4A4BF1CA-A300-4E1C-B307-40D668C1CAD8}.Release|Any CPU.ActiveCfg = Release|Any CPU
		{4A4BF1CA-A300-4E1C-B307-40D668C1CAD8}.Release|Any CPU.Build.0 = Release|Any CPU
		{4A4BF1CA-A300-4E1C-B307-40D668C1CAD8}.Release|Any CPU.Deploy.0 = Release|Any CPU
		{B4551CA9-F3B4-487C-BC85-2FC51E4C78D1}.Debug|Any CPU.ActiveCfg = Debug|Any CPU
		{B4551CA9-F3B4-487C-BC85-2FC51E4C78D1}.Debug|Any CPU.Build.0 = Debug|Any CPU
		{B4551CA9-F3B4-487C-BC85-2FC51E4C78D1}.Release|Any CPU.ActiveCfg = Release|Any CPU
		{B4551CA9-F3B4-487C-BC85-2FC51E4C78D1}.Release|Any CPU.Build.0 = Release|Any CPU
	EndGlobalSection
	GlobalSection(SolutionProperties) = preSolution
		HideSolutionNode = FALSE
	EndGlobalSection
	GlobalSection(ExtensibilityGlobals) = postSolution
		SolutionGuid = {6DB213A7-2A53-4B0A-98FD-FB681155A357}
	EndGlobalSection
EndGlobal
