
Microsoft Visual Studio Solution File, Format Version 12.00
# Visual Studio Version 16
VisualStudioVersion = 16.0.29318.209
MinimumVisualStudioVersion = 10.0.40219.1
Project("{FAE04EC0-301F-11D3-BF4B-00C04F79EFBC}") = "ListExercise", "ListExercise.csproj", "{69DA0AB1-668D-4C6F-97A7-F1F0CBF9E826}"
EndProject
Project("{FAE04EC0-301F-11D3-BF4B-00C04F79EFBC}") = "ListExercise.Core", "..\ListExercise.Core\ListExercise.Core.csproj", "{D3378907-E5AA-412A-9EE6-EED3FB5DC62D}"
EndProject
Global
	GlobalSection(SolutionConfigurationPlatforms) = preSolution
		Debug|Any CPU = Debug|Any CPU
		Release|Any CPU = Release|Any CPU
	EndGlobalSection
	GlobalSection(ProjectConfigurationPlatforms) = postSolution
		{69DA0AB1-668D-4C6F-97A7-F1F0CBF9E826}.Debug|Any CPU.ActiveCfg = Debug|Any CPU
		{69DA0AB1-668D-4C6F-97A7-F1F0CBF9E826}.Debug|Any CPU.Build.0 = Debug|Any CPU
		{69DA0AB1-668D-4C6F-97A7-F1F0CBF9E826}.Debug|Any CPU.Deploy.0 = Debug|Any CPU
		{69DA0AB1-668D-4C6F-97A7-F1F0CBF9E826}.Release|Any CPU.ActiveCfg = Release|Any CPU
		{69DA0AB1-668D-4C6F-97A7-F1F0CBF9E826}.Release|Any CPU.Build.0 = Release|Any CPU
		{69DA0AB1-668D-4C6F-97A7-F1F0CBF9E826}.Release|Any CPU.Deploy.0 = Release|Any CPU
		{D3378907-E5AA-412A-9EE6-EED3FB5DC62D}.Debug|Any CPU.ActiveCfg = Debug|Any CPU
		{D3378907-E5AA-412A-9EE6-EED3FB5DC62D}.Debug|Any CPU.Build.0 = Debug|Any CPU
		{D3378907-E5AA-412A-9EE6-EED3FB5DC62D}.Release|Any CPU.ActiveCfg = Release|Any CPU
		{D3378907-E5AA-412A-9EE6-EED3FB5DC62D}.Release|Any CPU.Build.0 = Release|Any CPU
	EndGlobalSection
	GlobalSection(SolutionProperties) = preSolution
		HideSolutionNode = FALSE
	EndGlobalSection
	GlobalSection(ExtensibilityGlobals) = postSolution
		SolutionGuid = {1FD13C9B-0C53-43E6-A1EC-CC39D08AE48C}
	EndGlobalSection
EndGlobal
